
Microsoft Visual Studio Solution File, Format Version 12.00
# Visual Studio Version 16
VisualStudioVersion = 16.0.31410.357
MinimumVisualStudioVersion = 10.0.40219.1
Project("{FAE04EC0-301F-11D3-BF4B-00C04F79EFBC}") = "Movies.API", "Movies.API\Movies.API.csproj", "{8244E9E5-3EA4-4BB4-A8AB-CDEC81D7E2EB}"
EndProject
Global
	GlobalSection(SolutionConfigurationPlatforms) = preSolution
		Debug|Any CPU = Debug|Any CPU
		Release|Any CPU = Release|Any CPU
	EndGlobalSection
	GlobalSection(ProjectConfigurationPlatforms) = postSolution
		{8244E9E5-3EA4-4BB4-A8AB-CDEC81D7E2EB}.Debug|Any CPU.ActiveCfg = Debug|Any CPU
		{8244E9E5-3EA4-4BB4-A8AB-CDEC81D7E2EB}.Debug|Any CPU.Build.0 = Debug|Any CPU
		{8244E9E5-3EA4-4BB4-A8AB-CDEC81D7E2EB}.Release|Any CPU.ActiveCfg = Release|Any CPU
		{8244E9E5-3EA4-4BB4-A8AB-CDEC81D7E2EB}.Release|Any CPU.Build.0 = Release|Any CPU
	EndGlobalSection
	GlobalSection(SolutionProperties) = preSolution
		HideSolutionNode = FALSE
	EndGlobalSection
	GlobalSection(ExtensibilityGlobals) = postSolution
		SolutionGuid = {EE771E48-2261-49DA-873E-7945C982FAF7}
	EndGlobalSection
EndGlobal
